// !$*UTF8*$!
{
	archiveVersion = 1;
	classes = {
	};
	objectVersion = 50;
	objects = {

/* Begin PBXBuildFile section */
		E8073FC524F6CECF0024D6B2 /* CustomButton.swift in Sources */ = {isa = PBXBuildFile; fileRef = E8073FC424F6CECF0024D6B2 /* CustomButton.swift */; };
		E807AEA324FEEA9500E15BE0 /* Hero+CoreDataClass.swift in Sources */ = {isa = PBXBuildFile; fileRef = E807AE9924FEEA9500E15BE0 /* Hero+CoreDataClass.swift */; };
		E807AEA424FEEA9500E15BE0 /* Hero+CoreDataProperties.swift in Sources */ = {isa = PBXBuildFile; fileRef = E807AE9A24FEEA9500E15BE0 /* Hero+CoreDataProperties.swift */; };
		E807AEA524FEEA9500E15BE0 /* MarvelData+CoreDataClass.swift in Sources */ = {isa = PBXBuildFile; fileRef = E807AE9B24FEEA9500E15BE0 /* MarvelData+CoreDataClass.swift */; };
		E807AEA624FEEA9500E15BE0 /* MarvelData+CoreDataProperties.swift in Sources */ = {isa = PBXBuildFile; fileRef = E807AE9C24FEEA9500E15BE0 /* MarvelData+CoreDataProperties.swift */; };
		E807AEA724FEEA9500E15BE0 /* MarvelInfo+CoreDataClass.swift in Sources */ = {isa = PBXBuildFile; fileRef = E807AE9D24FEEA9500E15BE0 /* MarvelInfo+CoreDataClass.swift */; };
		E807AEA824FEEA9500E15BE0 /* MarvelInfo+CoreDataProperties.swift in Sources */ = {isa = PBXBuildFile; fileRef = E807AE9E24FEEA9500E15BE0 /* MarvelInfo+CoreDataProperties.swift */; };
		E807AEA924FEEA9500E15BE0 /* MarvelURL+CoreDataClass.swift in Sources */ = {isa = PBXBuildFile; fileRef = E807AE9F24FEEA9500E15BE0 /* MarvelURL+CoreDataClass.swift */; };
		E807AEAA24FEEA9500E15BE0 /* MarvelURL+CoreDataProperties.swift in Sources */ = {isa = PBXBuildFile; fileRef = E807AEA024FEEA9500E15BE0 /* MarvelURL+CoreDataProperties.swift */; };
		E807AEAB24FEEA9500E15BE0 /* HeroThumbnail+CoreDataClass.swift in Sources */ = {isa = PBXBuildFile; fileRef = E807AEA124FEEA9500E15BE0 /* HeroThumbnail+CoreDataClass.swift */; };
		E807AEAC24FEEA9500E15BE0 /* HeroThumbnail+CoreDataProperties.swift in Sources */ = {isa = PBXBuildFile; fileRef = E807AEA224FEEA9500E15BE0 /* HeroThumbnail+CoreDataProperties.swift */; };
		E8465A8D24DAD93C00581FC8 /* Kingfisher.framework in Frameworks */ = {isa = PBXBuildFile; fileRef = E8465A8C24DAD93C00581FC8 /* Kingfisher.framework */; };
		E8465A8E24DAD93C00581FC8 /* Kingfisher.framework in Embed Frameworks */ = {isa = PBXBuildFile; fileRef = E8465A8C24DAD93C00581FC8 /* Kingfisher.framework */; settings = {ATTRIBUTES = (CodeSignOnCopy, RemoveHeadersOnCopy, ); }; };
		E8465A9224DAD9C500581FC8 /* MarvelData.swift in Sources */ = {isa = PBXBuildFile; fileRef = E8465A9124DAD9C500581FC8 /* MarvelData.swift */; };
		E8465A9424DADB5900581FC8 /* Hero.swift in Sources */ = {isa = PBXBuildFile; fileRef = E8465A9324DADB5900581FC8 /* Hero.swift */; };
		E8465A9624DADB9600581FC8 /* HeroThumbnail.swift in Sources */ = {isa = PBXBuildFile; fileRef = E8465A9524DADB9600581FC8 /* HeroThumbnail.swift */; };
		E8465A9824DADCDF00581FC8 /* MarvelURL.swift in Sources */ = {isa = PBXBuildFile; fileRef = E8465A9724DADCDF00581FC8 /* MarvelURL.swift */; };
		E8465A9C24DADD7F00581FC8 /* MarvelAPI.swift in Sources */ = {isa = PBXBuildFile; fileRef = E8465A9B24DADD7F00581FC8 /* MarvelAPI.swift */; };
		E8465A9E24DADF4300581FC8 /* Alamofire.framework in Frameworks */ = {isa = PBXBuildFile; fileRef = E8465A9D24DADF4300581FC8 /* Alamofire.framework */; };
		E8465A9F24DADF4300581FC8 /* Alamofire.framework in Embed Frameworks */ = {isa = PBXBuildFile; fileRef = E8465A9D24DADF4300581FC8 /* Alamofire.framework */; settings = {ATTRIBUTES = (CodeSignOnCopy, RemoveHeadersOnCopy, ); }; };
		E8465AA124DADF6C00581FC8 /* SwiftHash.framework in Frameworks */ = {isa = PBXBuildFile; fileRef = E8465AA024DADF6C00581FC8 /* SwiftHash.framework */; };
		E8465AA224DADF6C00581FC8 /* SwiftHash.framework in Embed Frameworks */ = {isa = PBXBuildFile; fileRef = E8465AA024DADF6C00581FC8 /* SwiftHash.framework */; settings = {ATTRIBUTES = (CodeSignOnCopy, RemoveHeadersOnCopy, ); }; };
		E8465AA424DB1C9E00581FC8 /* MarvelInfo.swift in Sources */ = {isa = PBXBuildFile; fileRef = E8465AA324DB1C9E00581FC8 /* MarvelInfo.swift */; };
		E8465AA824DB324600581FC8 /* HeroCustomCell.swift in Sources */ = {isa = PBXBuildFile; fileRef = E8465AA724DB324600581FC8 /* HeroCustomCell.swift */; };
		E8465AAB24DB3BA600581FC8 /* MainViewModel.swift in Sources */ = {isa = PBXBuildFile; fileRef = E8465AAA24DB3BA600581FC8 /* MainViewModel.swift */; };
		E8465AAD24DB4F1600581FC8 /* DetailHeroViewController.swift in Sources */ = {isa = PBXBuildFile; fileRef = E8465AAC24DB4F1600581FC8 /* DetailHeroViewController.swift */; };
		E8465AB024DB4F7D00581FC8 /* ConfigureView.swift in Sources */ = {isa = PBXBuildFile; fileRef = E8465AAF24DB4F7D00581FC8 /* ConfigureView.swift */; };
		E8465AB224DB512B00581FC8 /* DetailHeroViewModel.swift in Sources */ = {isa = PBXBuildFile; fileRef = E8465AB124DB512B00581FC8 /* DetailHeroViewModel.swift */; };
		E84964E524DA2422003F4A2C /* AppDelegate.swift in Sources */ = {isa = PBXBuildFile; fileRef = E84964E424DA2422003F4A2C /* AppDelegate.swift */; };
		E84964E724DA2422003F4A2C /* SceneDelegate.swift in Sources */ = {isa = PBXBuildFile; fileRef = E84964E624DA2422003F4A2C /* SceneDelegate.swift */; };
		E84964E924DA2422003F4A2C /* MainViewController.swift in Sources */ = {isa = PBXBuildFile; fileRef = E84964E824DA2422003F4A2C /* MainViewController.swift */; };
		E84964EF24DA2422003F4A2C /* Marvel_App.xcdatamodeld in Sources */ = {isa = PBXBuildFile; fileRef = E84964ED24DA2422003F4A2C /* Marvel_App.xcdatamodeld */; };
		E84964F124DA2423003F4A2C /* Assets.xcassets in Resources */ = {isa = PBXBuildFile; fileRef = E84964F024DA2423003F4A2C /* Assets.xcassets */; };
		E84964F424DA2423003F4A2C /* LaunchScreen.storyboard in Resources */ = {isa = PBXBuildFile; fileRef = E84964F224DA2423003F4A2C /* LaunchScreen.storyboard */; };
		E84964FF24DA2423003F4A2C /* Marvel_AppTests.swift in Sources */ = {isa = PBXBuildFile; fileRef = E84964FE24DA2423003F4A2C /* Marvel_AppTests.swift */; };
		E849650A24DA2423003F4A2C /* Marvel_AppUITests.swift in Sources */ = {isa = PBXBuildFile; fileRef = E849650924DA2423003F4A2C /* Marvel_AppUITests.swift */; };
		E849651924DA2CC8003F4A2C /* Stevia.framework in Frameworks */ = {isa = PBXBuildFile; fileRef = E849651824DA2CC8003F4A2C /* Stevia.framework */; };
		E849651A24DA2CC8003F4A2C /* Stevia.framework in Embed Frameworks */ = {isa = PBXBuildFile; fileRef = E849651824DA2CC8003F4A2C /* Stevia.framework */; settings = {ATTRIBUTES = (CodeSignOnCopy, RemoveHeadersOnCopy, ); }; };
		E8556DAC24F3F71800B06DEF /* MarvelRegular.ttf in Resources */ = {isa = PBXBuildFile; fileRef = E8556DAB24F3F6C500B06DEF /* MarvelRegular.ttf */; };
		E85E414824EDA03100F65826 /* WebViewViewController.swift in Sources */ = {isa = PBXBuildFile; fileRef = E85E414724EDA03100F65826 /* WebViewViewController.swift */; };
/* End PBXBuildFile section */

/* Begin PBXContainerItemProxy section */
		E84964FB24DA2423003F4A2C /* PBXContainerItemProxy */ = {
			isa = PBXContainerItemProxy;
			containerPortal = E84964D924DA2421003F4A2C /* Project object */;
			proxyType = 1;
			remoteGlobalIDString = E84964E024DA2421003F4A2C;
			remoteInfo = "Marvel App";
		};
		E849650624DA2423003F4A2C /* PBXContainerItemProxy */ = {
			isa = PBXContainerItemProxy;
			containerPortal = E84964D924DA2421003F4A2C /* Project object */;
			proxyType = 1;
			remoteGlobalIDString = E84964E024DA2421003F4A2C;
			remoteInfo = "Marvel App";
		};
/* End PBXContainerItemProxy section */

/* Begin PBXCopyFilesBuildPhase section */
		E849651B24DA2CC8003F4A2C /* Embed Frameworks */ = {
			isa = PBXCopyFilesBuildPhase;
			buildActionMask = 2147483647;
			dstPath = "";
			dstSubfolderSpec = 10;
			files = (
				E8465AA224DADF6C00581FC8 /* SwiftHash.framework in Embed Frameworks */,
				E8465A8E24DAD93C00581FC8 /* Kingfisher.framework in Embed Frameworks */,
				E8465A9F24DADF4300581FC8 /* Alamofire.framework in Embed Frameworks */,
				E849651A24DA2CC8003F4A2C /* Stevia.framework in Embed Frameworks */,
			);
			name = "Embed Frameworks";
			runOnlyForDeploymentPostprocessing = 0;
		};
/* End PBXCopyFilesBuildPhase section */

/* Begin PBXFileReference section */
		E8073FC424F6CECF0024D6B2 /* CustomButton.swift */ = {isa = PBXFileReference; lastKnownFileType = sourcecode.swift; path = CustomButton.swift; sourceTree = "<group>"; };
		E807AE9924FEEA9500E15BE0 /* Hero+CoreDataClass.swift */ = {isa = PBXFileReference; lastKnownFileType = sourcecode.swift; name = "Hero+CoreDataClass.swift"; path = "Marvel App/Hero+CoreDataClass.swift"; sourceTree = "<group>"; };
		E807AE9A24FEEA9500E15BE0 /* Hero+CoreDataProperties.swift */ = {isa = PBXFileReference; lastKnownFileType = sourcecode.swift; name = "Hero+CoreDataProperties.swift"; path = "Marvel App/Hero+CoreDataProperties.swift"; sourceTree = "<group>"; };
		E807AE9B24FEEA9500E15BE0 /* MarvelData+CoreDataClass.swift */ = {isa = PBXFileReference; lastKnownFileType = sourcecode.swift; name = "MarvelData+CoreDataClass.swift"; path = "Marvel App/MarvelData+CoreDataClass.swift"; sourceTree = "<group>"; };
		E807AE9C24FEEA9500E15BE0 /* MarvelData+CoreDataProperties.swift */ = {isa = PBXFileReference; lastKnownFileType = sourcecode.swift; name = "MarvelData+CoreDataProperties.swift"; path = "Marvel App/MarvelData+CoreDataProperties.swift"; sourceTree = "<group>"; };
		E807AE9D24FEEA9500E15BE0 /* MarvelInfo+CoreDataClass.swift */ = {isa = PBXFileReference; lastKnownFileType = sourcecode.swift; name = "MarvelInfo+CoreDataClass.swift"; path = "Marvel App/MarvelInfo+CoreDataClass.swift"; sourceTree = "<group>"; };
		E807AE9E24FEEA9500E15BE0 /* MarvelInfo+CoreDataProperties.swift */ = {isa = PBXFileReference; lastKnownFileType = sourcecode.swift; name = "MarvelInfo+CoreDataProperties.swift"; path = "Marvel App/MarvelInfo+CoreDataProperties.swift"; sourceTree = "<group>"; };
		E807AE9F24FEEA9500E15BE0 /* MarvelURL+CoreDataClass.swift */ = {isa = PBXFileReference; lastKnownFileType = sourcecode.swift; name = "MarvelURL+CoreDataClass.swift"; path = "Marvel App/MarvelURL+CoreDataClass.swift"; sourceTree = "<group>"; };
		E807AEA024FEEA9500E15BE0 /* MarvelURL+CoreDataProperties.swift */ = {isa = PBXFileReference; lastKnownFileType = sourcecode.swift; name = "MarvelURL+CoreDataProperties.swift"; path = "Marvel App/MarvelURL+CoreDataProperties.swift"; sourceTree = "<group>"; };
		E807AEA124FEEA9500E15BE0 /* HeroThumbnail+CoreDataClass.swift */ = {isa = PBXFileReference; lastKnownFileType = sourcecode.swift; name = "HeroThumbnail+CoreDataClass.swift"; path = "Marvel App/HeroThumbnail+CoreDataClass.swift"; sourceTree = "<group>"; };
		E807AEA224FEEA9500E15BE0 /* HeroThumbnail+CoreDataProperties.swift */ = {isa = PBXFileReference; lastKnownFileType = sourcecode.swift; name = "HeroThumbnail+CoreDataProperties.swift"; path = "Marvel App/HeroThumbnail+CoreDataProperties.swift"; sourceTree = "<group>"; };
		E8465A8C24DAD93C00581FC8 /* Kingfisher.framework */ = {isa = PBXFileReference; lastKnownFileType = wrapper.framework; name = Kingfisher.framework; path = Carthage/Build/iOS/Kingfisher.framework; sourceTree = "<group>"; };
		E8465A9124DAD9C500581FC8 /* MarvelData.swift */ = {isa = PBXFileReference; lastKnownFileType = sourcecode.swift; path = MarvelData.swift; sourceTree = "<group>"; };
		E8465A9324DADB5900581FC8 /* Hero.swift */ = {isa = PBXFileReference; lastKnownFileType = sourcecode.swift; path = Hero.swift; sourceTree = "<group>"; };
		E8465A9524DADB9600581FC8 /* HeroThumbnail.swift */ = {isa = PBXFileReference; lastKnownFileType = sourcecode.swift; path = HeroThumbnail.swift; sourceTree = "<group>"; };
		E8465A9724DADCDF00581FC8 /* MarvelURL.swift */ = {isa = PBXFileReference; lastKnownFileType = sourcecode.swift; path = MarvelURL.swift; sourceTree = "<group>"; };
		E8465A9B24DADD7F00581FC8 /* MarvelAPI.swift */ = {isa = PBXFileReference; lastKnownFileType = sourcecode.swift; path = MarvelAPI.swift; sourceTree = "<group>"; };
		E8465A9D24DADF4300581FC8 /* Alamofire.framework */ = {isa = PBXFileReference; lastKnownFileType = wrapper.framework; name = Alamofire.framework; path = Carthage/Build/iOS/Alamofire.framework; sourceTree = "<group>"; };
		E8465AA024DADF6C00581FC8 /* SwiftHash.framework */ = {isa = PBXFileReference; lastKnownFileType = wrapper.framework; name = SwiftHash.framework; path = Carthage/Build/iOS/SwiftHash.framework; sourceTree = "<group>"; };
		E8465AA324DB1C9E00581FC8 /* MarvelInfo.swift */ = {isa = PBXFileReference; lastKnownFileType = sourcecode.swift; path = MarvelInfo.swift; sourceTree = "<group>"; };
		E8465AA724DB324600581FC8 /* HeroCustomCell.swift */ = {isa = PBXFileReference; lastKnownFileType = sourcecode.swift; path = HeroCustomCell.swift; sourceTree = "<group>"; };
		E8465AAA24DB3BA600581FC8 /* MainViewModel.swift */ = {isa = PBXFileReference; lastKnownFileType = sourcecode.swift; path = MainViewModel.swift; sourceTree = "<group>"; };
		E8465AAC24DB4F1600581FC8 /* DetailHeroViewController.swift */ = {isa = PBXFileReference; lastKnownFileType = sourcecode.swift; path = DetailHeroViewController.swift; sourceTree = "<group>"; };
		E8465AAF24DB4F7D00581FC8 /* ConfigureView.swift */ = {isa = PBXFileReference; lastKnownFileType = sourcecode.swift; path = ConfigureView.swift; sourceTree = "<group>"; };
		E8465AB124DB512B00581FC8 /* DetailHeroViewModel.swift */ = {isa = PBXFileReference; lastKnownFileType = sourcecode.swift; path = DetailHeroViewModel.swift; sourceTree = "<group>"; };
		E84964E124DA2421003F4A2C /* Marvel App.app */ = {isa = PBXFileReference; explicitFileType = wrapper.application; includeInIndex = 0; path = "Marvel App.app"; sourceTree = BUILT_PRODUCTS_DIR; };
		E84964E424DA2422003F4A2C /* AppDelegate.swift */ = {isa = PBXFileReference; lastKnownFileType = sourcecode.swift; path = AppDelegate.swift; sourceTree = "<group>"; };
		E84964E624DA2422003F4A2C /* SceneDelegate.swift */ = {isa = PBXFileReference; lastKnownFileType = sourcecode.swift; path = SceneDelegate.swift; sourceTree = "<group>"; };
		E84964E824DA2422003F4A2C /* MainViewController.swift */ = {isa = PBXFileReference; lastKnownFileType = sourcecode.swift; path = MainViewController.swift; sourceTree = "<group>"; };
		E84964EE24DA2422003F4A2C /* Marvel_App.xcdatamodel */ = {isa = PBXFileReference; lastKnownFileType = wrapper.xcdatamodel; path = Marvel_App.xcdatamodel; sourceTree = "<group>"; };
		E84964F024DA2423003F4A2C /* Assets.xcassets */ = {isa = PBXFileReference; lastKnownFileType = folder.assetcatalog; path = Assets.xcassets; sourceTree = "<group>"; };
		E84964F324DA2423003F4A2C /* Base */ = {isa = PBXFileReference; lastKnownFileType = file.storyboard; name = Base; path = Base.lproj/LaunchScreen.storyboard; sourceTree = "<group>"; };
		E84964F524DA2423003F4A2C /* Info.plist */ = {isa = PBXFileReference; lastKnownFileType = text.plist.xml; path = Info.plist; sourceTree = "<group>"; };
		E84964FA24DA2423003F4A2C /* Marvel AppTests.xctest */ = {isa = PBXFileReference; explicitFileType = wrapper.cfbundle; includeInIndex = 0; path = "Marvel AppTests.xctest"; sourceTree = BUILT_PRODUCTS_DIR; };
		E84964FE24DA2423003F4A2C /* Marvel_AppTests.swift */ = {isa = PBXFileReference; lastKnownFileType = sourcecode.swift; path = Marvel_AppTests.swift; sourceTree = "<group>"; };
		E849650024DA2423003F4A2C /* Info.plist */ = {isa = PBXFileReference; lastKnownFileType = text.plist.xml; path = Info.plist; sourceTree = "<group>"; };
		E849650524DA2423003F4A2C /* Marvel AppUITests.xctest */ = {isa = PBXFileReference; explicitFileType = wrapper.cfbundle; includeInIndex = 0; path = "Marvel AppUITests.xctest"; sourceTree = BUILT_PRODUCTS_DIR; };
		E849650924DA2423003F4A2C /* Marvel_AppUITests.swift */ = {isa = PBXFileReference; lastKnownFileType = sourcecode.swift; path = Marvel_AppUITests.swift; sourceTree = "<group>"; };
		E849650B24DA2423003F4A2C /* Info.plist */ = {isa = PBXFileReference; lastKnownFileType = text.plist.xml; path = Info.plist; sourceTree = "<group>"; };
		E849651824DA2CC8003F4A2C /* Stevia.framework */ = {isa = PBXFileReference; lastKnownFileType = wrapper.framework; name = Stevia.framework; path = Carthage/Build/iOS/Stevia.framework; sourceTree = "<group>"; };
		E8556DAB24F3F6C500B06DEF /* MarvelRegular.ttf */ = {isa = PBXFileReference; lastKnownFileType = file; path = MarvelRegular.ttf; sourceTree = "<group>"; };
		E85E414724EDA03100F65826 /* WebViewViewController.swift */ = {isa = PBXFileReference; lastKnownFileType = sourcecode.swift; path = WebViewViewController.swift; sourceTree = "<group>"; };
/* End PBXFileReference section */

/* Begin PBXFrameworksBuildPhase section */
		E84964DE24DA2421003F4A2C /* Frameworks */ = {
			isa = PBXFrameworksBuildPhase;
			buildActionMask = 2147483647;
			files = (
				E8465AA124DADF6C00581FC8 /* SwiftHash.framework in Frameworks */,
				E8465A8D24DAD93C00581FC8 /* Kingfisher.framework in Frameworks */,
				E8465A9E24DADF4300581FC8 /* Alamofire.framework in Frameworks */,
				E849651924DA2CC8003F4A2C /* Stevia.framework in Frameworks */,
			);
			runOnlyForDeploymentPostprocessing = 0;
		};
		E84964F724DA2423003F4A2C /* Frameworks */ = {
			isa = PBXFrameworksBuildPhase;
			buildActionMask = 2147483647;
			files = (
			);
			runOnlyForDeploymentPostprocessing = 0;
		};
		E849650224DA2423003F4A2C /* Frameworks */ = {
			isa = PBXFrameworksBuildPhase;
			buildActionMask = 2147483647;
			files = (
			);
			runOnlyForDeploymentPostprocessing = 0;
		};
/* End PBXFrameworksBuildPhase section */

/* Begin PBXGroup section */
		E8073FC324F6CEB70024D6B2 /* Components */ = {
			isa = PBXGroup;
			children = (
				E8073FC424F6CECF0024D6B2 /* CustomButton.swift */,
			);
			path = Components;
			sourceTree = "<group>";
		};
		E8465A9024DAD99D00581FC8 /* Models */ = {
			isa = PBXGroup;
			children = (
				E8465AA324DB1C9E00581FC8 /* MarvelInfo.swift */,
				E8465A9124DAD9C500581FC8 /* MarvelData.swift */,
				E8465A9324DADB5900581FC8 /* Hero.swift */,
				E8465A9524DADB9600581FC8 /* HeroThumbnail.swift */,
				E8465A9724DADCDF00581FC8 /* MarvelURL.swift */,
			);
			path = Models;
			sourceTree = "<group>";
		};
		E8465A9A24DADD6400581FC8 /* Service */ = {
			isa = PBXGroup;
			children = (
				E8465A9B24DADD7F00581FC8 /* MarvelAPI.swift */,
			);
			path = Service;
			sourceTree = "<group>";
		};
		E8465AA524DB228D00581FC8 /* Support */ = {
			isa = PBXGroup;
			children = (
				E8556DAA24F3F6A400B06DEF /* Fonts */,
				E84964E424DA2422003F4A2C /* AppDelegate.swift */,
				E84964E624DA2422003F4A2C /* SceneDelegate.swift */,
				E84964F024DA2423003F4A2C /* Assets.xcassets */,
				E84964F224DA2423003F4A2C /* LaunchScreen.storyboard */,
			);
			path = Support;
			sourceTree = "<group>";
		};
		E8465AA624DB299D00581FC8 /* View */ = {
			isa = PBXGroup;
			children = (
				E8073FC324F6CEB70024D6B2 /* Components */,
				E84964E824DA2422003F4A2C /* MainViewController.swift */,
				E8465AAC24DB4F1600581FC8 /* DetailHeroViewController.swift */,
				E8465AA724DB324600581FC8 /* HeroCustomCell.swift */,
				E85E414724EDA03100F65826 /* WebViewViewController.swift */,
			);
			path = View;
			sourceTree = "<group>";
		};
		E8465AAE24DB4F6600581FC8 /* Util */ = {
			isa = PBXGroup;
			children = (
				E8465AAF24DB4F7D00581FC8 /* ConfigureView.swift */,
			);
			path = Util;
			sourceTree = "<group>";
		};
		E84964D824DA2421003F4A2C = {
			isa = PBXGroup;
			children = (
				E807AE9924FEEA9500E15BE0 /* Hero+CoreDataClass.swift */,
				E807AE9A24FEEA9500E15BE0 /* Hero+CoreDataProperties.swift */,
				E807AE9B24FEEA9500E15BE0 /* MarvelData+CoreDataClass.swift */,
				E807AE9C24FEEA9500E15BE0 /* MarvelData+CoreDataProperties.swift */,
				E807AE9D24FEEA9500E15BE0 /* MarvelInfo+CoreDataClass.swift */,
				E807AE9E24FEEA9500E15BE0 /* MarvelInfo+CoreDataProperties.swift */,
				E807AE9F24FEEA9500E15BE0 /* MarvelURL+CoreDataClass.swift */,
				E807AEA024FEEA9500E15BE0 /* MarvelURL+CoreDataProperties.swift */,
				E807AEA124FEEA9500E15BE0 /* HeroThumbnail+CoreDataClass.swift */,
				E807AEA224FEEA9500E15BE0 /* HeroThumbnail+CoreDataProperties.swift */,
				E84964E324DA2421003F4A2C /* Marvel App */,
				E84964FD24DA2423003F4A2C /* Marvel AppTests */,
				E849650824DA2423003F4A2C /* Marvel AppUITests */,
				E84964E224DA2421003F4A2C /* Products */,
				E849651724DA2CC8003F4A2C /* Frameworks */,
			);
			sourceTree = "<group>";
		};
		E84964E224DA2421003F4A2C /* Products */ = {
			isa = PBXGroup;
			children = (
				E84964E124DA2421003F4A2C /* Marvel App.app */,
				E84964FA24DA2423003F4A2C /* Marvel AppTests.xctest */,
				E849650524DA2423003F4A2C /* Marvel AppUITests.xctest */,
			);
			name = Products;
			sourceTree = "<group>";
		};
		E84964E324DA2421003F4A2C /* Marvel App */ = {
			isa = PBXGroup;
			children = (
				E85E414524ED566100F65826 /* ViewModel */,
				E8465AA624DB299D00581FC8 /* View */,
				E8465A9024DAD99D00581FC8 /* Models */,
				E8465A9A24DADD6400581FC8 /* Service */,
				E8465AA524DB228D00581FC8 /* Support */,
				E8465AAE24DB4F6600581FC8 /* Util */,
				E84964F524DA2423003F4A2C /* Info.plist */,
				E84964ED24DA2422003F4A2C /* Marvel_App.xcdatamodeld */,
			);
			path = "Marvel App";
			sourceTree = "<group>";
		};
		E84964FD24DA2423003F4A2C /* Marvel AppTests */ = {
			isa = PBXGroup;
			children = (
				E84964FE24DA2423003F4A2C /* Marvel_AppTests.swift */,
				E849650024DA2423003F4A2C /* Info.plist */,
			);
			path = "Marvel AppTests";
			sourceTree = "<group>";
		};
		E849650824DA2423003F4A2C /* Marvel AppUITests */ = {
			isa = PBXGroup;
			children = (
				E849650924DA2423003F4A2C /* Marvel_AppUITests.swift */,
				E849650B24DA2423003F4A2C /* Info.plist */,
			);
			path = "Marvel AppUITests";
			sourceTree = "<group>";
		};
		E849651724DA2CC8003F4A2C /* Frameworks */ = {
			isa = PBXGroup;
			children = (
				E8465AA024DADF6C00581FC8 /* SwiftHash.framework */,
				E8465A9D24DADF4300581FC8 /* Alamofire.framework */,
				E8465A8C24DAD93C00581FC8 /* Kingfisher.framework */,
				E849651824DA2CC8003F4A2C /* Stevia.framework */,
			);
			name = Frameworks;
			sourceTree = "<group>";
		};
		E8556DAA24F3F6A400B06DEF /* Fonts */ = {
			isa = PBXGroup;
			children = (
				E8556DAB24F3F6C500B06DEF /* MarvelRegular.ttf */,
			);
			path = Fonts;
			sourceTree = "<group>";
		};
		E85E414524ED566100F65826 /* ViewModel */ = {
			isa = PBXGroup;
			children = (
				E8465AAA24DB3BA600581FC8 /* MainViewModel.swift */,
				E8465AB124DB512B00581FC8 /* DetailHeroViewModel.swift */,
			);
			path = ViewModel;
			sourceTree = "<group>";
		};
/* End PBXGroup section */

/* Begin PBXNativeTarget section */
		E84964E024DA2421003F4A2C /* Marvel App */ = {
			isa = PBXNativeTarget;
			buildConfigurationList = E849650E24DA2423003F4A2C /* Build configuration list for PBXNativeTarget "Marvel App" */;
			buildPhases = (
				E84964DD24DA2421003F4A2C /* Sources */,
				E84964DE24DA2421003F4A2C /* Frameworks */,
				E84964DF24DA2421003F4A2C /* Resources */,
				E849651B24DA2CC8003F4A2C /* Embed Frameworks */,
				E849651C24DA2CD7003F4A2C /* ShellScript */,
			);
			buildRules = (
			);
			dependencies = (
			);
			name = "Marvel App";
			productName = "Marvel App";
			productReference = E84964E124DA2421003F4A2C /* Marvel App.app */;
			productType = "com.apple.product-type.application";
		};
		E84964F924DA2423003F4A2C /* Marvel AppTests */ = {
			isa = PBXNativeTarget;
			buildConfigurationList = E849651124DA2423003F4A2C /* Build configuration list for PBXNativeTarget "Marvel AppTests" */;
			buildPhases = (
				E84964F624DA2423003F4A2C /* Sources */,
				E84964F724DA2423003F4A2C /* Frameworks */,
				E84964F824DA2423003F4A2C /* Resources */,
			);
			buildRules = (
			);
			dependencies = (
				E84964FC24DA2423003F4A2C /* PBXTargetDependency */,
			);
			name = "Marvel AppTests";
			productName = "Marvel AppTests";
			productReference = E84964FA24DA2423003F4A2C /* Marvel AppTests.xctest */;
			productType = "com.apple.product-type.bundle.unit-test";
		};
		E849650424DA2423003F4A2C /* Marvel AppUITests */ = {
			isa = PBXNativeTarget;
			buildConfigurationList = E849651424DA2423003F4A2C /* Build configuration list for PBXNativeTarget "Marvel AppUITests" */;
			buildPhases = (
				E849650124DA2423003F4A2C /* Sources */,
				E849650224DA2423003F4A2C /* Frameworks */,
				E849650324DA2423003F4A2C /* Resources */,
			);
			buildRules = (
			);
			dependencies = (
				E849650724DA2423003F4A2C /* PBXTargetDependency */,
			);
			name = "Marvel AppUITests";
			productName = "Marvel AppUITests";
			productReference = E849650524DA2423003F4A2C /* Marvel AppUITests.xctest */;
			productType = "com.apple.product-type.bundle.ui-testing";
		};
/* End PBXNativeTarget section */

/* Begin PBXProject section */
		E84964D924DA2421003F4A2C /* Project object */ = {
			isa = PBXProject;
			attributes = {
				LastSwiftUpdateCheck = 1130;
				LastUpgradeCheck = 1130;
				ORGANIZATIONNAME = "João Luis Santos";
				TargetAttributes = {
					E84964E024DA2421003F4A2C = {
						CreatedOnToolsVersion = 11.3.1;
					};
					E84964F924DA2423003F4A2C = {
						CreatedOnToolsVersion = 11.3.1;
						TestTargetID = E84964E024DA2421003F4A2C;
					};
					E849650424DA2423003F4A2C = {
						CreatedOnToolsVersion = 11.3.1;
						TestTargetID = E84964E024DA2421003F4A2C;
					};
				};
			};
			buildConfigurationList = E84964DC24DA2421003F4A2C /* Build configuration list for PBXProject "Marvel App" */;
			compatibilityVersion = "Xcode 9.3";
			developmentRegion = en;
			hasScannedForEncodings = 0;
			knownRegions = (
				en,
				Base,
			);
			mainGroup = E84964D824DA2421003F4A2C;
			productRefGroup = E84964E224DA2421003F4A2C /* Products */;
			projectDirPath = "";
			projectRoot = "";
			targets = (
				E84964E024DA2421003F4A2C /* Marvel App */,
				E84964F924DA2423003F4A2C /* Marvel AppTests */,
				E849650424DA2423003F4A2C /* Marvel AppUITests */,
			);
		};
/* End PBXProject section */

/* Begin PBXResourcesBuildPhase section */
		E84964DF24DA2421003F4A2C /* Resources */ = {
			isa = PBXResourcesBuildPhase;
			buildActionMask = 2147483647;
			files = (
				E84964F424DA2423003F4A2C /* LaunchScreen.storyboard in Resources */,
				E8556DAC24F3F71800B06DEF /* MarvelRegular.ttf in Resources */,
				E84964F124DA2423003F4A2C /* Assets.xcassets in Resources */,
			);
			runOnlyForDeploymentPostprocessing = 0;
		};
		E84964F824DA2423003F4A2C /* Resources */ = {
			isa = PBXResourcesBuildPhase;
			buildActionMask = 2147483647;
			files = (
			);
			runOnlyForDeploymentPostprocessing = 0;
		};
		E849650324DA2423003F4A2C /* Resources */ = {
			isa = PBXResourcesBuildPhase;
			buildActionMask = 2147483647;
			files = (
			);
			runOnlyForDeploymentPostprocessing = 0;
		};
/* End PBXResourcesBuildPhase section */

/* Begin PBXShellScriptBuildPhase section */
		E849651C24DA2CD7003F4A2C /* ShellScript */ = {
			isa = PBXShellScriptBuildPhase;
			buildActionMask = 2147483647;
			files = (
			);
			inputFileListPaths = (
			);
			inputPaths = (
				"$(SRCROOT)/Carthage/Build/iOS/Stevia.framework",
				"$(SRCROOT)/Carthage/Build/iOS/Kingfisher.framework",
			);
			outputFileListPaths = (
			);
			outputPaths = (
			);
			runOnlyForDeploymentPostprocessing = 0;
			shellPath = /bin/sh;
			shellScript = "# Type a script or drag a script file from your workspace to insert its path.\n/usr/local/bin/carthage copy-frameworks\n";
		};
/* End PBXShellScriptBuildPhase section */

/* Begin PBXSourcesBuildPhase section */
		E84964DD24DA2421003F4A2C /* Sources */ = {
			isa = PBXSourcesBuildPhase;
			buildActionMask = 2147483647;
			files = (
				E84964E924DA2422003F4A2C /* MainViewController.swift in Sources */,
				E807AEAC24FEEA9500E15BE0 /* HeroThumbnail+CoreDataProperties.swift in Sources */,
				E807AEA824FEEA9500E15BE0 /* MarvelInfo+CoreDataProperties.swift in Sources */,
				E8465AB024DB4F7D00581FC8 /* ConfigureView.swift in Sources */,
				E807AEA424FEEA9500E15BE0 /* Hero+CoreDataProperties.swift in Sources */,
				E8465AAD24DB4F1600581FC8 /* DetailHeroViewController.swift in Sources */,
				E8465A9224DAD9C500581FC8 /* MarvelData.swift in Sources */,
				E807AEAB24FEEA9500E15BE0 /* HeroThumbnail+CoreDataClass.swift in Sources */,
				E84964E524DA2422003F4A2C /* AppDelegate.swift in Sources */,
				E807AEA624FEEA9500E15BE0 /* MarvelData+CoreDataProperties.swift in Sources */,
				E8465AA424DB1C9E00581FC8 /* MarvelInfo.swift in Sources */,
				E84964EF24DA2422003F4A2C /* Marvel_App.xcdatamodeld in Sources */,
				E84964E724DA2422003F4A2C /* SceneDelegate.swift in Sources */,
				E8465A9424DADB5900581FC8 /* Hero.swift in Sources */,
				E8465A9C24DADD7F00581FC8 /* MarvelAPI.swift in Sources */,
				E807AEAA24FEEA9500E15BE0 /* MarvelURL+CoreDataProperties.swift in Sources */,
				E8465AA824DB324600581FC8 /* HeroCustomCell.swift in Sources */,
				E807AEA924FEEA9500E15BE0 /* MarvelURL+CoreDataClass.swift in Sources */,
				E8465A9624DADB9600581FC8 /* HeroThumbnail.swift in Sources */,
				E807AEA724FEEA9500E15BE0 /* MarvelInfo+CoreDataClass.swift in Sources */,
				E8465A9824DADCDF00581FC8 /* MarvelURL.swift in Sources */,
				E807AEA524FEEA9500E15BE0 /* MarvelData+CoreDataClass.swift in Sources */,
				E8073FC524F6CECF0024D6B2 /* CustomButton.swift in Sources */,
				E8465AB224DB512B00581FC8 /* DetailHeroViewModel.swift in Sources */,
				E807AEA324FEEA9500E15BE0 /* Hero+CoreDataClass.swift in Sources */,
				E85E414824EDA03100F65826 /* WebViewViewController.swift in Sources */,
				E8465AAB24DB3BA600581FC8 /* MainViewModel.swift in Sources */,
			);
			runOnlyForDeploymentPostprocessing = 0;
		};
		E84964F624DA2423003F4A2C /* Sources */ = {
			isa = PBXSourcesBuildPhase;
			buildActionMask = 2147483647;
			files = (
				E84964FF24DA2423003F4A2C /* Marvel_AppTests.swift in Sources */,
			);
			runOnlyForDeploymentPostprocessing = 0;
		};
		E849650124DA2423003F4A2C /* Sources */ = {
			isa = PBXSourcesBuildPhase;
			buildActionMask = 2147483647;
			files = (
				E849650A24DA2423003F4A2C /* Marvel_AppUITests.swift in Sources */,
			);
			runOnlyForDeploymentPostprocessing = 0;
		};
/* End PBXSourcesBuildPhase section */

/* Begin PBXTargetDependency section */
		E84964FC24DA2423003F4A2C /* PBXTargetDependency */ = {
			isa = PBXTargetDependency;
			target = E84964E024DA2421003F4A2C /* Marvel App */;
			targetProxy = E84964FB24DA2423003F4A2C /* PBXContainerItemProxy */;
		};
		E849650724DA2423003F4A2C /* PBXTargetDependency */ = {
			isa = PBXTargetDependency;
			target = E84964E024DA2421003F4A2C /* Marvel App */;
			targetProxy = E849650624DA2423003F4A2C /* PBXContainerItemProxy */;
		};
/* End PBXTargetDependency section */

/* Begin PBXVariantGroup section */
		E84964F224DA2423003F4A2C /* LaunchScreen.storyboard */ = {
			isa = PBXVariantGroup;
			children = (
				E84964F324DA2423003F4A2C /* Base */,
			);
			name = LaunchScreen.storyboard;
			sourceTree = "<group>";
		};
/* End PBXVariantGroup section */

/* Begin XCBuildConfiguration section */
		E849650C24DA2423003F4A2C /* Debug */ = {
			isa = XCBuildConfiguration;
			buildSettings = {
				ALWAYS_SEARCH_USER_PATHS = NO;
				CLANG_ANALYZER_NONNULL = YES;
				CLANG_ANALYZER_NUMBER_OBJECT_CONVERSION = YES_AGGRESSIVE;
				CLANG_CXX_LANGUAGE_STANDARD = "gnu++14";
				CLANG_CXX_LIBRARY = "libc++";
				CLANG_ENABLE_MODULES = YES;
				CLANG_ENABLE_OBJC_ARC = YES;
				CLANG_ENABLE_OBJC_WEAK = YES;
				CLANG_WARN_BLOCK_CAPTURE_AUTORELEASING = YES;
				CLANG_WARN_BOOL_CONVERSION = YES;
				CLANG_WARN_COMMA = YES;
				CLANG_WARN_CONSTANT_CONVERSION = YES;
				CLANG_WARN_DEPRECATED_OBJC_IMPLEMENTATIONS = YES;
				CLANG_WARN_DIRECT_OBJC_ISA_USAGE = YES_ERROR;
				CLANG_WARN_DOCUMENTATION_COMMENTS = YES;
				CLANG_WARN_EMPTY_BODY = YES;
				CLANG_WARN_ENUM_CONVERSION = YES;
				CLANG_WARN_INFINITE_RECURSION = YES;
				CLANG_WARN_INT_CONVERSION = YES;
				CLANG_WARN_NON_LITERAL_NULL_CONVERSION = YES;
				CLANG_WARN_OBJC_IMPLICIT_RETAIN_SELF = YES;
				CLANG_WARN_OBJC_LITERAL_CONVERSION = YES;
				CLANG_WARN_OBJC_ROOT_CLASS = YES_ERROR;
				CLANG_WARN_RANGE_LOOP_ANALYSIS = YES;
				CLANG_WARN_STRICT_PROTOTYPES = YES;
				CLANG_WARN_SUSPICIOUS_MOVE = YES;
				CLANG_WARN_UNGUARDED_AVAILABILITY = YES_AGGRESSIVE;
				CLANG_WARN_UNREACHABLE_CODE = YES;
				CLANG_WARN__DUPLICATE_METHOD_MATCH = YES;
				COPY_PHASE_STRIP = NO;
				DEBUG_INFORMATION_FORMAT = dwarf;
				ENABLE_STRICT_OBJC_MSGSEND = YES;
				ENABLE_TESTABILITY = YES;
				GCC_C_LANGUAGE_STANDARD = gnu11;
				GCC_DYNAMIC_NO_PIC = NO;
				GCC_NO_COMMON_BLOCKS = YES;
				GCC_OPTIMIZATION_LEVEL = 0;
				GCC_PREPROCESSOR_DEFINITIONS = (
					"DEBUG=1",
					"$(inherited)",
				);
				GCC_WARN_64_TO_32_BIT_CONVERSION = YES;
				GCC_WARN_ABOUT_RETURN_TYPE = YES_ERROR;
				GCC_WARN_UNDECLARED_SELECTOR = YES;
				GCC_WARN_UNINITIALIZED_AUTOS = YES_AGGRESSIVE;
				GCC_WARN_UNUSED_FUNCTION = YES;
				GCC_WARN_UNUSED_VARIABLE = YES;
				IPHONEOS_DEPLOYMENT_TARGET = 13.2;
				MTL_ENABLE_DEBUG_INFO = INCLUDE_SOURCE;
				MTL_FAST_MATH = YES;
				ONLY_ACTIVE_ARCH = YES;
				SDKROOT = iphoneos;
				SWIFT_ACTIVE_COMPILATION_CONDITIONS = DEBUG;
				SWIFT_OPTIMIZATION_LEVEL = "-Onone";
			};
			name = Debug;
		};
		E849650D24DA2423003F4A2C /* Release */ = {
			isa = XCBuildConfiguration;
			buildSettings = {
				ALWAYS_SEARCH_USER_PATHS = NO;
				CLANG_ANALYZER_NONNULL = YES;
				CLANG_ANALYZER_NUMBER_OBJECT_CONVERSION = YES_AGGRESSIVE;
				CLANG_CXX_LANGUAGE_STANDARD = "gnu++14";
				CLANG_CXX_LIBRARY = "libc++";
				CLANG_ENABLE_MODULES = YES;
				CLANG_ENABLE_OBJC_ARC = YES;
				CLANG_ENABLE_OBJC_WEAK = YES;
				CLANG_WARN_BLOCK_CAPTURE_AUTORELEASING = YES;
				CLANG_WARN_BOOL_CONVERSION = YES;
				CLANG_WARN_COMMA = YES;
				CLANG_WARN_CONSTANT_CONVERSION = YES;
				CLANG_WARN_DEPRECATED_OBJC_IMPLEMENTATIONS = YES;
				CLANG_WARN_DIRECT_OBJC_ISA_USAGE = YES_ERROR;
				CLANG_WARN_DOCUMENTATION_COMMENTS = YES;
				CLANG_WARN_EMPTY_BODY = YES;
				CLANG_WARN_ENUM_CONVERSION = YES;
				CLANG_WARN_INFINITE_RECURSION = YES;
				CLANG_WARN_INT_CONVERSION = YES;
				CLANG_WARN_NON_LITERAL_NULL_CONVERSION = YES;
				CLANG_WARN_OBJC_IMPLICIT_RETAIN_SELF = YES;
				CLANG_WARN_OBJC_LITERAL_CONVERSION = YES;
				CLANG_WARN_OBJC_ROOT_CLASS = YES_ERROR;
				CLANG_WARN_RANGE_LOOP_ANALYSIS = YES;
				CLANG_WARN_STRICT_PROTOTYPES = YES;
				CLANG_WARN_SUSPICIOUS_MOVE = YES;
				CLANG_WARN_UNGUARDED_AVAILABILITY = YES_AGGRESSIVE;
				CLANG_WARN_UNREACHABLE_CODE = YES;
				CLANG_WARN__DUPLICATE_METHOD_MATCH = YES;
				COPY_PHASE_STRIP = NO;
				DEBUG_INFORMATION_FORMAT = "dwarf-with-dsym";
				ENABLE_NS_ASSERTIONS = NO;
				ENABLE_STRICT_OBJC_MSGSEND = YES;
				GCC_C_LANGUAGE_STANDARD = gnu11;
				GCC_NO_COMMON_BLOCKS = YES;
				GCC_WARN_64_TO_32_BIT_CONVERSION = YES;
				GCC_WARN_ABOUT_RETURN_TYPE = YES_ERROR;
				GCC_WARN_UNDECLARED_SELECTOR = YES;
				GCC_WARN_UNINITIALIZED_AUTOS = YES_AGGRESSIVE;
				GCC_WARN_UNUSED_FUNCTION = YES;
				GCC_WARN_UNUSED_VARIABLE = YES;
				IPHONEOS_DEPLOYMENT_TARGET = 13.2;
				MTL_ENABLE_DEBUG_INFO = NO;
				MTL_FAST_MATH = YES;
				SDKROOT = iphoneos;
				SWIFT_COMPILATION_MODE = wholemodule;
				SWIFT_OPTIMIZATION_LEVEL = "-O";
				VALIDATE_PRODUCT = YES;
			};
			name = Release;
		};
		E849650F24DA2423003F4A2C /* Debug */ = {
			isa = XCBuildConfiguration;
			buildSettings = {
				ASSETCATALOG_COMPILER_APPICON_NAME = AppIcon;
				CODE_SIGN_STYLE = Automatic;
				DEVELOPMENT_TEAM = 4FGAJ25MKJ;
				FRAMEWORK_SEARCH_PATHS = (
					"$(inherited)",
					"$(PROJECT_DIR)/Carthage/Build/iOS",
				);
				INFOPLIST_FILE = "Marvel App/Info.plist";
				IPHONEOS_DEPLOYMENT_TARGET = 10.0;
				LD_RUNPATH_SEARCH_PATHS = (
					"$(inherited)",
					"@executable_path/Frameworks",
				);
				PRODUCT_BUNDLE_IDENTIFIER = "br.com.joao.Marvel-App";
				PRODUCT_NAME = "$(TARGET_NAME)";
				SWIFT_VERSION = 5.0;
				TARGETED_DEVICE_FAMILY = 1;
			};
			name = Debug;
		};
		E849651024DA2423003F4A2C /* Release */ = {
			isa = XCBuildConfiguration;
			buildSettings = {
				ASSETCATALOG_COMPILER_APPICON_NAME = AppIcon;
				CODE_SIGN_STYLE = Automatic;
				DEVELOPMENT_TEAM = 4FGAJ25MKJ;
				FRAMEWORK_SEARCH_PATHS = (
					"$(inherited)",
					"$(PROJECT_DIR)/Carthage/Build/iOS",
				);
				INFOPLIST_FILE = "Marvel App/Info.plist";
				IPHONEOS_DEPLOYMENT_TARGET = 10.0;
				LD_RUNPATH_SEARCH_PATHS = (
					"$(inherited)",
					"@executable_path/Frameworks",
				);
				PRODUCT_BUNDLE_IDENTIFIER = "br.com.joao.Marvel-App";
				PRODUCT_NAME = "$(TARGET_NAME)";
				SWIFT_VERSION = 5.0;
				TARGETED_DEVICE_FAMILY = 1;
			};
			name = Release;
		};
		E849651224DA2423003F4A2C /* Debug */ = {
			isa = XCBuildConfiguration;
			buildSettings = {
				ALWAYS_EMBED_SWIFT_STANDARD_LIBRARIES = YES;
				BUNDLE_LOADER = "$(TEST_HOST)";
				CODE_SIGN_STYLE = Automatic;
				INFOPLIST_FILE = "Marvel AppTests/Info.plist";
				IPHONEOS_DEPLOYMENT_TARGET = 13.2;
				LD_RUNPATH_SEARCH_PATHS = (
					"$(inherited)",
					"@executable_path/Frameworks",
					"@loader_path/Frameworks",
				);
				PRODUCT_BUNDLE_IDENTIFIER = "br.com.joao.Marvel-AppTests";
				PRODUCT_NAME = "$(TARGET_NAME)";
				SWIFT_VERSION = 5.0;
				TARGETED_DEVICE_FAMILY = "1,2";
				TEST_HOST = "$(BUILT_PRODUCTS_DIR)/Marvel App.app/Marvel App";
			};
			name = Debug;
		};
		E849651324DA2423003F4A2C /* Release */ = {
			isa = XCBuildConfiguration;
			buildSettings = {
				ALWAYS_EMBED_SWIFT_STANDARD_LIBRARIES = YES;
				BUNDLE_LOADER = "$(TEST_HOST)";
				CODE_SIGN_STYLE = Automatic;
				INFOPLIST_FILE = "Marvel AppTests/Info.plist";
				IPHONEOS_DEPLOYMENT_TARGET = 13.2;
				LD_RUNPATH_SEARCH_PATHS = (
					"$(inherited)",
					"@executable_path/Frameworks",
					"@loader_path/Frameworks",
				);
				PRODUCT_BUNDLE_IDENTIFIER = "br.com.joao.Marvel-AppTests";
				PRODUCT_NAME = "$(TARGET_NAME)";
				SWIFT_VERSION = 5.0;
				TARGETED_DEVICE_FAMILY = "1,2";
				TEST_HOST = "$(BUILT_PRODUCTS_DIR)/Marvel App.app/Marvel App";
			};
			name = Release;
		};
		E849651524DA2423003F4A2C /* Debug */ = {
			isa = XCBuildConfiguration;
			buildSettings = {
				ALWAYS_EMBED_SWIFT_STANDARD_LIBRARIES = YES;
				CODE_SIGN_STYLE = Automatic;
				INFOPLIST_FILE = "Marvel AppUITests/Info.plist";
				LD_RUNPATH_SEARCH_PATHS = (
					"$(inherited)",
					"@executable_path/Frameworks",
					"@loader_path/Frameworks",
				);
				PRODUCT_BUNDLE_IDENTIFIER = "br.com.joao.Marvel-AppUITests";
				PRODUCT_NAME = "$(TARGET_NAME)";
				SWIFT_VERSION = 5.0;
				TARGETED_DEVICE_FAMILY = "1,2";
				TEST_TARGET_NAME = "Marvel App";
			};
			name = Debug;
		};
		E849651624DA2423003F4A2C /* Release */ = {
			isa = XCBuildConfiguration;
			buildSettings = {
				ALWAYS_EMBED_SWIFT_STANDARD_LIBRARIES = YES;
				CODE_SIGN_STYLE = Automatic;
				INFOPLIST_FILE = "Marvel AppUITests/Info.plist";
				LD_RUNPATH_SEARCH_PATHS = (
					"$(inherited)",
					"@executable_path/Frameworks",
					"@loader_path/Frameworks",
				);
				PRODUCT_BUNDLE_IDENTIFIER = "br.com.joao.Marvel-AppUITests";
				PRODUCT_NAME = "$(TARGET_NAME)";
				SWIFT_VERSION = 5.0;
				TARGETED_DEVICE_FAMILY = "1,2";
				TEST_TARGET_NAME = "Marvel App";
			};
			name = Release;
		};
/* End XCBuildConfiguration section */

/* Begin XCConfigurationList section */
		E84964DC24DA2421003F4A2C /* Build configuration list for PBXProject "Marvel App" */ = {
			isa = XCConfigurationList;
			buildConfigurations = (
				E849650C24DA2423003F4A2C /* Debug */,
				E849650D24DA2423003F4A2C /* Release */,
			);
			defaultConfigurationIsVisible = 0;
			defaultConfigurationName = Release;
		};
		E849650E24DA2423003F4A2C /* Build configuration list for PBXNativeTarget "Marvel App" */ = {
			isa = XCConfigurationList;
			buildConfigurations = (
				E849650F24DA2423003F4A2C /* Debug */,
				E849651024DA2423003F4A2C /* Release */,
			);
			defaultConfigurationIsVisible = 0;
			defaultConfigurationName = Release;
		};
		E849651124DA2423003F4A2C /* Build configuration list for PBXNativeTarget "Marvel AppTests" */ = {
			isa = XCConfigurationList;
			buildConfigurations = (
				E849651224DA2423003F4A2C /* Debug */,
				E849651324DA2423003F4A2C /* Release */,
			);
			defaultConfigurationIsVisible = 0;
			defaultConfigurationName = Release;
		};
		E849651424DA2423003F4A2C /* Build configuration list for PBXNativeTarget "Marvel AppUITests" */ = {
			isa = XCConfigurationList;
			buildConfigurations = (
				E849651524DA2423003F4A2C /* Debug */,
				E849651624DA2423003F4A2C /* Release */,
			);
			defaultConfigurationIsVisible = 0;
			defaultConfigurationName = Release;
		};
/* End XCConfigurationList section */

/* Begin XCVersionGroup section */
		E84964ED24DA2422003F4A2C /* Marvel_App.xcdatamodeld */ = {
			isa = XCVersionGroup;
			children = (
				E84964EE24DA2422003F4A2C /* Marvel_App.xcdatamodel */,
			);
			currentVersion = E84964EE24DA2422003F4A2C /* Marvel_App.xcdatamodel */;
			path = Marvel_App.xcdatamodeld;
			sourceTree = "<group>";
			versionGroupType = wrapper.xcdatamodel;
		};
/* End XCVersionGroup section */
	};
	rootObject = E84964D924DA2421003F4A2C /* Project object */;
}
